
Microsoft Visual Studio Solution File, Format Version 12.00
# Visual Studio 15
VisualStudioVersion = 15.0.27004.2005
MinimumVisualStudioVersion = 10.0.40219.1
Project("{888888A0-9F3D-457C-B088-3A5042F75D52}") = "dr2net", "dr2net\dr2net.pyproj", "{519DF312-FEE6-444E-9F88-7E9A1DF0F7CD}"
EndProject
Global
	GlobalSection(SolutionConfigurationPlatforms) = preSolution
		Debug|Any CPU = Debug|Any CPU
		Release|Any CPU = Release|Any CPU
	EndGlobalSection
	GlobalSection(ProjectConfigurationPlatforms) = postSolution
		{519DF312-FEE6-444E-9F88-7E9A1DF0F7CD}.Debug|Any CPU.ActiveCfg = Debug|Any CPU
		{519DF312-FEE6-444E-9F88-7E9A1DF0F7CD}.Release|Any CPU.ActiveCfg = Release|Any CPU
	EndGlobalSection
	GlobalSection(SolutionProperties) = preSolution
		HideSolutionNode = FALSE
	EndGlobalSection
	GlobalSection(ExtensibilityGlobals) = postSolution
		SolutionGuid = {023E0AC7-4EA8-4419-B209-0A218A6F4AA7}
	EndGlobalSection
EndGlobal
